
Microsoft Visual Studio Solution File, Format Version 12.00
# Visual Studio Version 17
VisualStudioVersion = 17.11.35327.3
MinimumVisualStudioVersion = 10.0.40219.1
Project("{FAE04EC0-301F-11D3-BF4B-00C04F79EFBC}") = "c6dskk_a_hazi", "c6dskk_a_hazi.csproj", "{C25A31EA-9729-4779-BE0A-E283B4DA19CE}"
EndProject
Global
	GlobalSection(SolutionConfigurationPlatforms) = preSolution
		Debug|Any CPU = Debug|Any CPU
		Release|Any CPU = Release|Any CPU
	EndGlobalSection
	GlobalSection(ProjectConfigurationPlatforms) = postSolution
		{C25A31EA-9729-4779-BE0A-E283B4DA19CE}.Debug|Any CPU.ActiveCfg = Debug|Any CPU
		{C25A31EA-9729-4779-BE0A-E283B4DA19CE}.Debug|Any CPU.Build.0 = Debug|Any CPU
		{C25A31EA-9729-4779-BE0A-E283B4DA19CE}.Release|Any CPU.ActiveCfg = Release|Any CPU
		{C25A31EA-9729-4779-BE0A-E283B4DA19CE}.Release|Any CPU.Build.0 = Release|Any CPU
	EndGlobalSection
	GlobalSection(SolutionProperties) = preSolution
		HideSolutionNode = FALSE
	EndGlobalSection
	GlobalSection(ExtensibilityGlobals) = postSolution
		SolutionGuid = {F5CD5606-F77E-4567-B55B-91E59BB84B03}
	EndGlobalSection
EndGlobal
