
Microsoft Visual Studio Solution File, Format Version 12.00
# Visual Studio Version 17
VisualStudioVersion = 17.11.35312.102
MinimumVisualStudioVersion = 10.0.40219.1
Project("{FAE04EC0-301F-11D3-BF4B-00C04F79EFBC}") = "ElsoHazi_B", "ElsoHazi_B\ElsoHazi_B.csproj", "{F16B1BF7-2171-4CF1-906D-D8AA0150708E}"
EndProject
Global
	GlobalSection(SolutionConfigurationPlatforms) = preSolution
		Debug|Any CPU = Debug|Any CPU
		Release|Any CPU = Release|Any CPU
	EndGlobalSection
	GlobalSection(ProjectConfigurationPlatforms) = postSolution
		{F16B1BF7-2171-4CF1-906D-D8AA0150708E}.Debug|Any CPU.ActiveCfg = Debug|Any CPU
		{F16B1BF7-2171-4CF1-906D-D8AA0150708E}.Debug|Any CPU.Build.0 = Debug|Any CPU
		{F16B1BF7-2171-4CF1-906D-D8AA0150708E}.Release|Any CPU.ActiveCfg = Release|Any CPU
		{F16B1BF7-2171-4CF1-906D-D8AA0150708E}.Release|Any CPU.Build.0 = Release|Any CPU
	EndGlobalSection
	GlobalSection(SolutionProperties) = preSolution
		HideSolutionNode = FALSE
	EndGlobalSection
	GlobalSection(ExtensibilityGlobals) = postSolution
		SolutionGuid = {30DA9607-F1D7-45F3-B84C-058D614FA230}
	EndGlobalSection
EndGlobal
